// !$*UTF8*$!
{
	archiveVersion = 1;
	classes = {
	};
	objectVersion = 56;
	objects = {

/* Begin PBXBuildFile section */
		E0E49F732C0F04BE00DA4BCB /* AppDelegate.swift in Sources */ = {isa = PBXBuildFile; fileRef = E0E49F722C0F04BE00DA4BCB /* AppDelegate.swift */; };
		E0E49F752C0F04BE00DA4BCB /* SceneDelegate.swift in Sources */ = {isa = PBXBuildFile; fileRef = E0E49F742C0F04BE00DA4BCB /* SceneDelegate.swift */; };
		E0E49F772C0F04BE00DA4BCB /* ViewController.swift in Sources */ = {isa = PBXBuildFile; fileRef = E0E49F762C0F04BE00DA4BCB /* ViewController.swift */; };
		E0E49F7A2C0F04BE00DA4BCB /* Base in Resources */ = {isa = PBXBuildFile; fileRef = E0E49F792C0F04BE00DA4BCB /* Base */; };
		E0E49F7C2C0F04BF00DA4BCB /* Assets.xcassets in Resources */ = {isa = PBXBuildFile; fileRef = E0E49F7B2C0F04BF00DA4BCB /* Assets.xcassets */; };
		E0E49F7F2C0F04BF00DA4BCB /* Base in Resources */ = {isa = PBXBuildFile; fileRef = E0E49F7E2C0F04BF00DA4BCB /* Base */; };
		E0E49F882C0F064900DA4BCB /* SnapKit in Frameworks */ = {isa = PBXBuildFile; productRef = E0E49F872C0F064900DA4BCB /* SnapKit */; };
		E0E49F8D2C0F245F00DA4BCB /* NewHotViewController.swift in Sources */ = {isa = PBXBuildFile; fileRef = E0E49F8C2C0F245F00DA4BCB /* NewHotViewController.swift */; };
		E0E49F8F2C0F24FB00DA4BCB /* SignupViewController.swift in Sources */ = {isa = PBXBuildFile; fileRef = E0E49F8E2C0F24FB00DA4BCB /* SignupViewController.swift */; };
		E0E49F952C0F28EE00DA4BCB /* UIViewController + Extension.swift in Sources */ = {isa = PBXBuildFile; fileRef = E0E49F942C0F28EE00DA4BCB /* UIViewController + Extension.swift */; };
		E0E49F972C0F29F200DA4BCB /* SaveContentsViewController.swift in Sources */ = {isa = PBXBuildFile; fileRef = E0E49F962C0F29F200DA4BCB /* SaveContentsViewController.swift */; };
		E0E49F992C0F2C4600DA4BCB /* UITextField + Extension.swift in Sources */ = {isa = PBXBuildFile; fileRef = E0E49F982C0F2C4600DA4BCB /* UITextField + Extension.swift */; };
		E0E49FBC2C0F39E600DA4BCB /* UIImageView + Extension.swift in Sources */ = {isa = PBXBuildFile; fileRef = E0E49FBB2C0F39E600DA4BCB /* UIImageView + Extension.swift */; };
		E0E49FBE2C0F3AD100DA4BCB /* custom.swift in Sources */ = {isa = PBXBuildFile; fileRef = E0E49FBD2C0F3AD100DA4BCB /* custom.swift */; };
/* End PBXBuildFile section */

/* Begin PBXFileReference section */
		E0E49F6F2C0F04BE00DA4BCB /* Codebase_Newflix.app */ = {isa = PBXFileReference; explicitFileType = wrapper.application; includeInIndex = 0; path = Codebase_Newflix.app; sourceTree = BUILT_PRODUCTS_DIR; };
		E0E49F722C0F04BE00DA4BCB /* AppDelegate.swift */ = {isa = PBXFileReference; lastKnownFileType = sourcecode.swift; path = AppDelegate.swift; sourceTree = "<group>"; };
		E0E49F742C0F04BE00DA4BCB /* SceneDelegate.swift */ = {isa = PBXFileReference; lastKnownFileType = sourcecode.swift; path = SceneDelegate.swift; sourceTree = "<group>"; };
		E0E49F762C0F04BE00DA4BCB /* ViewController.swift */ = {isa = PBXFileReference; lastKnownFileType = sourcecode.swift; path = ViewController.swift; sourceTree = "<group>"; };
		E0E49F792C0F04BE00DA4BCB /* Base */ = {isa = PBXFileReference; lastKnownFileType = file.storyboard; name = Base; path = Base.lproj/Main.storyboard; sourceTree = "<group>"; };
		E0E49F7B2C0F04BF00DA4BCB /* Assets.xcassets */ = {isa = PBXFileReference; lastKnownFileType = folder.assetcatalog; path = Assets.xcassets; sourceTree = "<group>"; };
		E0E49F7E2C0F04BF00DA4BCB /* Base */ = {isa = PBXFileReference; lastKnownFileType = file.storyboard; name = Base; path = Base.lproj/LaunchScreen.storyboard; sourceTree = "<group>"; };
		E0E49F802C0F04BF00DA4BCB /* Info.plist */ = {isa = PBXFileReference; lastKnownFileType = text.plist.xml; path = Info.plist; sourceTree = "<group>"; };
		E0E49F8C2C0F245F00DA4BCB /* NewHotViewController.swift */ = {isa = PBXFileReference; lastKnownFileType = sourcecode.swift; path = NewHotViewController.swift; sourceTree = "<group>"; };
		E0E49F8E2C0F24FB00DA4BCB /* SignupViewController.swift */ = {isa = PBXFileReference; lastKnownFileType = sourcecode.swift; path = SignupViewController.swift; sourceTree = "<group>"; };
		E0E49F942C0F28EE00DA4BCB /* UIViewController + Extension.swift */ = {isa = PBXFileReference; lastKnownFileType = sourcecode.swift; path = "UIViewController + Extension.swift"; sourceTree = "<group>"; };
		E0E49F962C0F29F200DA4BCB /* SaveContentsViewController.swift */ = {isa = PBXFileReference; lastKnownFileType = sourcecode.swift; path = SaveContentsViewController.swift; sourceTree = "<group>"; };
		E0E49F982C0F2C4600DA4BCB /* UITextField + Extension.swift */ = {isa = PBXFileReference; lastKnownFileType = sourcecode.swift; path = "UITextField + Extension.swift"; sourceTree = "<group>"; };
		E0E49FBB2C0F39E600DA4BCB /* UIImageView + Extension.swift */ = {isa = PBXFileReference; lastKnownFileType = sourcecode.swift; path = "UIImageView + Extension.swift"; sourceTree = "<group>"; };
		E0E49FBD2C0F3AD100DA4BCB /* custom.swift */ = {isa = PBXFileReference; lastKnownFileType = sourcecode.swift; path = custom.swift; sourceTree = "<group>"; };
/* End PBXFileReference section */

/* Begin PBXFrameworksBuildPhase section */
		E0E49F6C2C0F04BE00DA4BCB /* Frameworks */ = {
			isa = PBXFrameworksBuildPhase;
			buildActionMask = 2147483647;
			files = (
				E0E49F882C0F064900DA4BCB /* SnapKit in Frameworks */,
			);
			runOnlyForDeploymentPostprocessing = 0;
		};
/* End PBXFrameworksBuildPhase section */

/* Begin PBXGroup section */
		E0E49F662C0F04BE00DA4BCB = {
			isa = PBXGroup;
			children = (
				E0E49F712C0F04BE00DA4BCB /* Codebase_Newflix */,
				E0E49F702C0F04BE00DA4BCB /* Products */,
			);
			sourceTree = "<group>";
		};
		E0E49F702C0F04BE00DA4BCB /* Products */ = {
			isa = PBXGroup;
			children = (
				E0E49F6F2C0F04BE00DA4BCB /* Codebase_Newflix.app */,
			);
			name = Products;
			sourceTree = "<group>";
		};
		E0E49F712C0F04BE00DA4BCB /* Codebase_Newflix */ = {
			isa = PBXGroup;
			children = (
				E0E49FBD2C0F3AD100DA4BCB /* custom.swift */,
				E0E49FBA2C0F39DC00DA4BCB /* Extension */,
				E0E49F722C0F04BE00DA4BCB /* AppDelegate.swift */,
				E0E49F742C0F04BE00DA4BCB /* SceneDelegate.swift */,
				E0E49F962C0F29F200DA4BCB /* SaveContentsViewController.swift */,
				E0E49F8C2C0F245F00DA4BCB /* NewHotViewController.swift */,
				E0E49F8E2C0F24FB00DA4BCB /* SignupViewController.swift */,
				E0E49F762C0F04BE00DA4BCB /* ViewController.swift */,
				E0E49F782C0F04BE00DA4BCB /* Main.storyboard */,
				E0E49F7B2C0F04BF00DA4BCB /* Assets.xcassets */,
				E0E49F7D2C0F04BF00DA4BCB /* LaunchScreen.storyboard */,
				E0E49F802C0F04BF00DA4BCB /* Info.plist */,
			);
			path = Codebase_Newflix;
			sourceTree = "<group>";
		};
		E0E49FBA2C0F39DC00DA4BCB /* Extension */ = {
			isa = PBXGroup;
			children = (
				E0E49F942C0F28EE00DA4BCB /* UIViewController + Extension.swift */,
				E0E49F982C0F2C4600DA4BCB /* UITextField + Extension.swift */,
				E0E49FBB2C0F39E600DA4BCB /* UIImageView + Extension.swift */,
			);
			path = Extension;
			sourceTree = "<group>";
		};
/* End PBXGroup section */

/* Begin PBXNativeTarget section */
		E0E49F6E2C0F04BE00DA4BCB /* Codebase_Newflix */ = {
			isa = PBXNativeTarget;
			buildConfigurationList = E0E49F832C0F04BF00DA4BCB /* Build configuration list for PBXNativeTarget "Codebase_Newflix" */;
			buildPhases = (
				E0E49F6B2C0F04BE00DA4BCB /* Sources */,
				E0E49F6C2C0F04BE00DA4BCB /* Frameworks */,
				E0E49F6D2C0F04BE00DA4BCB /* Resources */,
			);
			buildRules = (
			);
			dependencies = (
			);
			name = Codebase_Newflix;
			packageProductDependencies = (
				E0E49F872C0F064900DA4BCB /* SnapKit */,
			);
			productName = Codebase_Newflix;
			productReference = E0E49F6F2C0F04BE00DA4BCB /* Codebase_Newflix.app */;
			productType = "com.apple.product-type.application";
		};
/* End PBXNativeTarget section */

/* Begin PBXProject section */
		E0E49F672C0F04BE00DA4BCB /* Project object */ = {
			isa = PBXProject;
			attributes = {
				BuildIndependentTargetsInParallel = 1;
				LastSwiftUpdateCheck = 1530;
				LastUpgradeCheck = 1530;
				TargetAttributes = {
					E0E49F6E2C0F04BE00DA4BCB = {
						CreatedOnToolsVersion = 15.3;
					};
				};
			};
			buildConfigurationList = E0E49F6A2C0F04BE00DA4BCB /* Build configuration list for PBXProject "Codebase_Newflix" */;
			compatibilityVersion = "Xcode 14.0";
			developmentRegion = en;
			hasScannedForEncodings = 0;
			knownRegions = (
				en,
				Base,
			);
			mainGroup = E0E49F662C0F04BE00DA4BCB;
			packageReferences = (
				E0E49F862C0F064900DA4BCB /* XCRemoteSwiftPackageReference "SnapKit" */,
			);
			productRefGroup = E0E49F702C0F04BE00DA4BCB /* Products */;
			projectDirPath = "";
			projectRoot = "";
			targets = (
				E0E49F6E2C0F04BE00DA4BCB /* Codebase_Newflix */,
			);
		};
/* End PBXProject section */

/* Begin PBXResourcesBuildPhase section */
		E0E49F6D2C0F04BE00DA4BCB /* Resources */ = {
			isa = PBXResourcesBuildPhase;
			buildActionMask = 2147483647;
			files = (
				E0E49F7C2C0F04BF00DA4BCB /* Assets.xcassets in Resources */,
				E0E49F7F2C0F04BF00DA4BCB /* Base in Resources */,
				E0E49F7A2C0F04BE00DA4BCB /* Base in Resources */,
			);
			runOnlyForDeploymentPostprocessing = 0;
		};
/* End PBXResourcesBuildPhase section */

/* Begin PBXSourcesBuildPhase section */
		E0E49F6B2C0F04BE00DA4BCB /* Sources */ = {
			isa = PBXSourcesBuildPhase;
			buildActionMask = 2147483647;
			files = (
				E0E49FBE2C0F3AD100DA4BCB /* custom.swift in Sources */,
				E0E49FBC2C0F39E600DA4BCB /* UIImageView + Extension.swift in Sources */,
				E0E49F772C0F04BE00DA4BCB /* ViewController.swift in Sources */,
				E0E49F8D2C0F245F00DA4BCB /* NewHotViewController.swift in Sources */,
				E0E49F8F2C0F24FB00DA4BCB /* SignupViewController.swift in Sources */,
				E0E49F732C0F04BE00DA4BCB /* AppDelegate.swift in Sources */,
				E0E49F972C0F29F200DA4BCB /* SaveContentsViewController.swift in Sources */,
				E0E49F952C0F28EE00DA4BCB /* UIViewController + Extension.swift in Sources */,
				E0E49F752C0F04BE00DA4BCB /* SceneDelegate.swift in Sources */,
				E0E49F992C0F2C4600DA4BCB /* UITextField + Extension.swift in Sources */,
			);
			runOnlyForDeploymentPostprocessing = 0;
		};
/* End PBXSourcesBuildPhase section */

/* Begin PBXVariantGroup section */
		E0E49F782C0F04BE00DA4BCB /* Main.storyboard */ = {
			isa = PBXVariantGroup;
			children = (
				E0E49F792C0F04BE00DA4BCB /* Base */,
			);
			name = Main.storyboard;
			sourceTree = "<group>";
		};
		E0E49F7D2C0F04BF00DA4BCB /* LaunchScreen.storyboard */ = {
			isa = PBXVariantGroup;
			children = (
				E0E49F7E2C0F04BF00DA4BCB /* Base */,
			);
			name = LaunchScreen.storyboard;
			sourceTree = "<group>";
		};
/* End PBXVariantGroup section */

/* Begin XCBuildConfiguration section */
		E0E49F812C0F04BF00DA4BCB /* Debug */ = {
			isa = XCBuildConfiguration;
			buildSettings = {
				ALWAYS_SEARCH_USER_PATHS = NO;
				ASSETCATALOG_COMPILER_GENERATE_SWIFT_ASSET_SYMBOL_EXTENSIONS = YES;
				CLANG_ANALYZER_NONNULL = YES;
				CLANG_ANALYZER_NUMBER_OBJECT_CONVERSION = YES_AGGRESSIVE;
				CLANG_CXX_LANGUAGE_STANDARD = "gnu++20";
				CLANG_ENABLE_MODULES = YES;
				CLANG_ENABLE_OBJC_ARC = YES;
				CLANG_ENABLE_OBJC_WEAK = YES;
				CLANG_WARN_BLOCK_CAPTURE_AUTORELEASING = YES;
				CLANG_WARN_BOOL_CONVERSION = YES;
				CLANG_WARN_COMMA = YES;
				CLANG_WARN_CONSTANT_CONVERSION = YES;
				CLANG_WARN_DEPRECATED_OBJC_IMPLEMENTATIONS = YES;
				CLANG_WARN_DIRECT_OBJC_ISA_USAGE = YES_ERROR;
				CLANG_WARN_DOCUMENTATION_COMMENTS = YES;
				CLANG_WARN_EMPTY_BODY = YES;
				CLANG_WARN_ENUM_CONVERSION = YES;
				CLANG_WARN_INFINITE_RECURSION = YES;
				CLANG_WARN_INT_CONVERSION = YES;
				CLANG_WARN_NON_LITERAL_NULL_CONVERSION = YES;
				CLANG_WARN_OBJC_IMPLICIT_RETAIN_SELF = YES;
				CLANG_WARN_OBJC_LITERAL_CONVERSION = YES;
				CLANG_WARN_OBJC_ROOT_CLASS = YES_ERROR;
				CLANG_WARN_QUOTED_INCLUDE_IN_FRAMEWORK_HEADER = YES;
				CLANG_WARN_RANGE_LOOP_ANALYSIS = YES;
				CLANG_WARN_STRICT_PROTOTYPES = YES;
				CLANG_WARN_SUSPICIOUS_MOVE = YES;
				CLANG_WARN_UNGUARDED_AVAILABILITY = YES_AGGRESSIVE;
				CLANG_WARN_UNREACHABLE_CODE = YES;
				CLANG_WARN__DUPLICATE_METHOD_MATCH = YES;
				COPY_PHASE_STRIP = NO;
				DEBUG_INFORMATION_FORMAT = dwarf;
				ENABLE_STRICT_OBJC_MSGSEND = YES;
				ENABLE_TESTABILITY = YES;
				ENABLE_USER_SCRIPT_SANDBOXING = YES;
				GCC_C_LANGUAGE_STANDARD = gnu17;
				GCC_DYNAMIC_NO_PIC = NO;
				GCC_NO_COMMON_BLOCKS = YES;
				GCC_OPTIMIZATION_LEVEL = 0;
				GCC_PREPROCESSOR_DEFINITIONS = (
					"DEBUG=1",
					"$(inherited)",
				);
				GCC_WARN_64_TO_32_BIT_CONVERSION = YES;
				GCC_WARN_ABOUT_RETURN_TYPE = YES_ERROR;
				GCC_WARN_UNDECLARED_SELECTOR = YES;
				GCC_WARN_UNINITIALIZED_AUTOS = YES_AGGRESSIVE;
				GCC_WARN_UNUSED_FUNCTION = YES;
				GCC_WARN_UNUSED_VARIABLE = YES;
				IPHONEOS_DEPLOYMENT_TARGET = 17.4;
				LOCALIZATION_PREFERS_STRING_CATALOGS = YES;
				MTL_ENABLE_DEBUG_INFO = INCLUDE_SOURCE;
				MTL_FAST_MATH = YES;
				ONLY_ACTIVE_ARCH = YES;
				SDKROOT = iphoneos;
				SWIFT_ACTIVE_COMPILATION_CONDITIONS = "DEBUG $(inherited)";
				SWIFT_OPTIMIZATION_LEVEL = "-Onone";
			};
			name = Debug;
		};
		E0E49F822C0F04BF00DA4BCB /* Release */ = {
			isa = XCBuildConfiguration;
			buildSettings = {
				ALWAYS_SEARCH_USER_PATHS = NO;
				ASSETCATALOG_COMPILER_GENERATE_SWIFT_ASSET_SYMBOL_EXTENSIONS = YES;
				CLANG_ANALYZER_NONNULL = YES;
				CLANG_ANALYZER_NUMBER_OBJECT_CONVERSION = YES_AGGRESSIVE;
				CLANG_CXX_LANGUAGE_STANDARD = "gnu++20";
				CLANG_ENABLE_MODULES = YES;
				CLANG_ENABLE_OBJC_ARC = YES;
				CLANG_ENABLE_OBJC_WEAK = YES;
				CLANG_WARN_BLOCK_CAPTURE_AUTORELEASING = YES;
				CLANG_WARN_BOOL_CONVERSION = YES;
				CLANG_WARN_COMMA = YES;
				CLANG_WARN_CONSTANT_CONVERSION = YES;
				CLANG_WARN_DEPRECATED_OBJC_IMPLEMENTATIONS = YES;
				CLANG_WARN_DIRECT_OBJC_ISA_USAGE = YES_ERROR;
				CLANG_WARN_DOCUMENTATION_COMMENTS = YES;
				CLANG_WARN_EMPTY_BODY = YES;
				CLANG_WARN_ENUM_CONVERSION = YES;
				CLANG_WARN_INFINITE_RECURSION = YES;
				CLANG_WARN_INT_CONVERSION = YES;
				CLANG_WARN_NON_LITERAL_NULL_CONVERSION = YES;
				CLANG_WARN_OBJC_IMPLICIT_RETAIN_SELF = YES;
				CLANG_WARN_OBJC_LITERAL_CONVERSION = YES;
				CLANG_WARN_OBJC_ROOT_CLASS = YES_ERROR;
				CLANG_WARN_QUOTED_INCLUDE_IN_FRAMEWORK_HEADER = YES;
				CLANG_WARN_RANGE_LOOP_ANALYSIS = YES;
				CLANG_WARN_STRICT_PROTOTYPES = YES;
				CLANG_WARN_SUSPICIOUS_MOVE = YES;
				CLANG_WARN_UNGUARDED_AVAILABILITY = YES_AGGRESSIVE;
				CLANG_WARN_UNREACHABLE_CODE = YES;
				CLANG_WARN__DUPLICATE_METHOD_MATCH = YES;
				COPY_PHASE_STRIP = NO;
				DEBUG_INFORMATION_FORMAT = "dwarf-with-dsym";
				ENABLE_NS_ASSERTIONS = NO;
				ENABLE_STRICT_OBJC_MSGSEND = YES;
				ENABLE_USER_SCRIPT_SANDBOXING = YES;
				GCC_C_LANGUAGE_STANDARD = gnu17;
				GCC_NO_COMMON_BLOCKS = YES;
				GCC_WARN_64_TO_32_BIT_CONVERSION = YES;
				GCC_WARN_ABOUT_RETURN_TYPE = YES_ERROR;
				GCC_WARN_UNDECLARED_SELECTOR = YES;
				GCC_WARN_UNINITIALIZED_AUTOS = YES_AGGRESSIVE;
				GCC_WARN_UNUSED_FUNCTION = YES;
				GCC_WARN_UNUSED_VARIABLE = YES;
				IPHONEOS_DEPLOYMENT_TARGET = 17.4;
				LOCALIZATION_PREFERS_STRING_CATALOGS = YES;
				MTL_ENABLE_DEBUG_INFO = NO;
				MTL_FAST_MATH = YES;
				SDKROOT = iphoneos;
				SWIFT_COMPILATION_MODE = wholemodule;
				VALIDATE_PRODUCT = YES;
			};
			name = Release;
		};
		E0E49F842C0F04BF00DA4BCB /* Debug */ = {
			isa = XCBuildConfiguration;
			buildSettings = {
				ASSETCATALOG_COMPILER_APPICON_NAME = AppIcon;
				ASSETCATALOG_COMPILER_GLOBAL_ACCENT_COLOR_NAME = AccentColor;
				CODE_SIGN_STYLE = Automatic;
				CURRENT_PROJECT_VERSION = 1;
				DEVELOPMENT_TEAM = L348QC8MG7;
				GENERATE_INFOPLIST_FILE = YES;
				INFOPLIST_FILE = Codebase_Newflix/Info.plist;
				INFOPLIST_KEY_UIApplicationSupportsIndirectInputEvents = YES;
				INFOPLIST_KEY_UILaunchStoryboardName = LaunchScreen;
				INFOPLIST_KEY_UISupportedInterfaceOrientations_iPad = "UIInterfaceOrientationPortrait UIInterfaceOrientationPortraitUpsideDown UIInterfaceOrientationLandscapeLeft UIInterfaceOrientationLandscapeRight";
				INFOPLIST_KEY_UISupportedInterfaceOrientations_iPhone = "UIInterfaceOrientationPortrait UIInterfaceOrientationLandscapeLeft UIInterfaceOrientationLandscapeRight";
				IPHONEOS_DEPLOYMENT_TARGET = 16.0;
				LD_RUNPATH_SEARCH_PATHS = (
					"$(inherited)",
					"@executable_path/Frameworks",
				);
				MARKETING_VERSION = 1.0;
				PRODUCT_BUNDLE_IDENTIFIER = "jeongyun.Codebase-Newflix";
				PRODUCT_NAME = "$(TARGET_NAME)";
				SUPPORTED_PLATFORMS = "iphoneos iphonesimulator";
				SUPPORTS_MACCATALYST = NO;
				SUPPORTS_MAC_DESIGNED_FOR_IPHONE_IPAD = NO;
				SUPPORTS_XR_DESIGNED_FOR_IPHONE_IPAD = NO;
				SWIFT_EMIT_LOC_STRINGS = YES;
				SWIFT_VERSION = 5.0;
				TARGETED_DEVICE_FAMILY = 1;
			};
			name = Debug;
		};
		E0E49F852C0F04BF00DA4BCB /* Release */ = {
			isa = XCBuildConfiguration;
			buildSettings = {
				ASSETCATALOG_COMPILER_APPICON_NAME = AppIcon;
				ASSETCATALOG_COMPILER_GLOBAL_ACCENT_COLOR_NAME = AccentColor;
				CODE_SIGN_STYLE = Automatic;
				CURRENT_PROJECT_VERSION = 1;
				DEVELOPMENT_TEAM = L348QC8MG7;
				GENERATE_INFOPLIST_FILE = YES;
				INFOPLIST_FILE = Codebase_Newflix/Info.plist;
				INFOPLIST_KEY_UIApplicationSupportsIndirectInputEvents = YES;
				INFOPLIST_KEY_UILaunchStoryboardName = LaunchScreen;
				INFOPLIST_KEY_UISupportedInterfaceOrientations_iPad = "UIInterfaceOrientationPortrait UIInterfaceOrientationPortraitUpsideDown UIInterfaceOrientationLandscapeLeft UIInterfaceOrientationLandscapeRight";
				INFOPLIST_KEY_UISupportedInterfaceOrientations_iPhone = "UIInterfaceOrientationPortrait UIInterfaceOrientationLandscapeLeft UIInterfaceOrientationLandscapeRight";
				IPHONEOS_DEPLOYMENT_TARGET = 16.0;
				LD_RUNPATH_SEARCH_PATHS = (
					"$(inherited)",
					"@executable_path/Frameworks",
				);
				MARKETING_VERSION = 1.0;
				PRODUCT_BUNDLE_IDENTIFIER = "jeongyun.Codebase-Newflix";
				PRODUCT_NAME = "$(TARGET_NAME)";
				SUPPORTED_PLATFORMS = "iphoneos iphonesimulator";
				SUPPORTS_MACCATALYST = NO;
				SUPPORTS_MAC_DESIGNED_FOR_IPHONE_IPAD = NO;
				SUPPORTS_XR_DESIGNED_FOR_IPHONE_IPAD = NO;
				SWIFT_EMIT_LOC_STRINGS = YES;
				SWIFT_VERSION = 5.0;
				TARGETED_DEVICE_FAMILY = 1;
			};
			name = Release;
		};
/* End XCBuildConfiguration section */

/* Begin XCConfigurationList section */
		E0E49F6A2C0F04BE00DA4BCB /* Build configuration list for PBXProject "Codebase_Newflix" */ = {
			isa = XCConfigurationList;
			buildConfigurations = (
				E0E49F812C0F04BF00DA4BCB /* Debug */,
				E0E49F822C0F04BF00DA4BCB /* Release */,
			);
			defaultConfigurationIsVisible = 0;
			defaultConfigurationName = Release;
		};
		E0E49F832C0F04BF00DA4BCB /* Build configuration list for PBXNativeTarget "Codebase_Newflix" */ = {
			isa = XCConfigurationList;
			buildConfigurations = (
				E0E49F842C0F04BF00DA4BCB /* Debug */,
				E0E49F852C0F04BF00DA4BCB /* Release */,
			);
			defaultConfigurationIsVisible = 0;
			defaultConfigurationName = Release;
		};
/* End XCConfigurationList section */

/* Begin XCRemoteSwiftPackageReference section */
		E0E49F862C0F064900DA4BCB /* XCRemoteSwiftPackageReference "SnapKit" */ = {
			isa = XCRemoteSwiftPackageReference;
			repositoryURL = "https://github.com/SnapKit/SnapKit";
			requirement = {
				kind = upToNextMajorVersion;
				minimumVersion = 5.7.1;
			};
		};
/* End XCRemoteSwiftPackageReference section */

/* Begin XCSwiftPackageProductDependency section */
		E0E49F872C0F064900DA4BCB /* SnapKit */ = {
			isa = XCSwiftPackageProductDependency;
			package = E0E49F862C0F064900DA4BCB /* XCRemoteSwiftPackageReference "SnapKit" */;
			productName = SnapKit;
		};
/* End XCSwiftPackageProductDependency section */
	};
	rootObject = E0E49F672C0F04BE00DA4BCB /* Project object */;
}
