// !$*UTF8*$!
{
	archiveVersion = 1;
	classes = {
	};
	objectVersion = 56;
	objects = {

/* Begin PBXBuildFile section */
		E00103B82BF343C300D9BE8C /* AppDelegate.swift in Sources */ = {isa = PBXBuildFile; fileRef = E00103B72BF343C300D9BE8C /* AppDelegate.swift */; };
		E00103BA2BF343C300D9BE8C /* SceneDelegate.swift in Sources */ = {isa = PBXBuildFile; fileRef = E00103B92BF343C300D9BE8C /* SceneDelegate.swift */; };
		E00103BC2BF343C300D9BE8C /* ViewController.swift in Sources */ = {isa = PBXBuildFile; fileRef = E00103BB2BF343C300D9BE8C /* ViewController.swift */; };
		E00103BF2BF343C300D9BE8C /* Base in Resources */ = {isa = PBXBuildFile; fileRef = E00103BE2BF343C300D9BE8C /* Base */; };
		E00103C12BF343C400D9BE8C /* Assets.xcassets in Resources */ = {isa = PBXBuildFile; fileRef = E00103C02BF343C400D9BE8C /* Assets.xcassets */; };
		E00103C42BF343C400D9BE8C /* Base in Resources */ = {isa = PBXBuildFile; fileRef = E00103C32BF343C400D9BE8C /* Base */; };
		E004C5CB2BF72C2D0076D5E5 /* ButtonViewController.swift in Sources */ = {isa = PBXBuildFile; fileRef = E004C5CA2BF72C2D0076D5E5 /* ButtonViewController.swift */; };
		E02C79A52BF6399700C60F0F /* singUpViewController.swift in Sources */ = {isa = PBXBuildFile; fileRef = E02C79A42BF6399700C60F0F /* singUpViewController.swift */; };
		E0C6D4D92BF5EB9A001BE206 /* HomeViewController.swift in Sources */ = {isa = PBXBuildFile; fileRef = E0C6D4D82BF5EB9A001BE206 /* HomeViewController.swift */; };
		E0C6D4DB2BF5EB9F001BE206 /* HotViewController.swift in Sources */ = {isa = PBXBuildFile; fileRef = E0C6D4DA2BF5EB9F001BE206 /* HotViewController.swift */; };
		E0C6D4DD2BF5EBA4001BE206 /* ContentsViewController.swift in Sources */ = {isa = PBXBuildFile; fileRef = E0C6D4DC2BF5EBA4001BE206 /* ContentsViewController.swift */; };
		E0F31AF22BFB5BE50012B800 /* Tag.swift in Sources */ = {isa = PBXBuildFile; fileRef = E0F31AF12BFB5BE50012B800 /* Tag.swift */; };
		E0F31AF52BFB5C870012B800 /* Movie.swift in Sources */ = {isa = PBXBuildFile; fileRef = E0F31AF42BFB5C870012B800 /* Movie.swift */; };
/* End PBXBuildFile section */

/* Begin PBXFileReference section */
		E00103B42BF343C300D9BE8C /* SeSAC_02_0514_HW.app */ = {isa = PBXFileReference; explicitFileType = wrapper.application; includeInIndex = 0; path = SeSAC_02_0514_HW.app; sourceTree = BUILT_PRODUCTS_DIR; };
		E00103B72BF343C300D9BE8C /* AppDelegate.swift */ = {isa = PBXFileReference; lastKnownFileType = sourcecode.swift; path = AppDelegate.swift; sourceTree = "<group>"; };
		E00103B92BF343C300D9BE8C /* SceneDelegate.swift */ = {isa = PBXFileReference; lastKnownFileType = sourcecode.swift; path = SceneDelegate.swift; sourceTree = "<group>"; };
		E00103BB2BF343C300D9BE8C /* ViewController.swift */ = {isa = PBXFileReference; lastKnownFileType = sourcecode.swift; path = ViewController.swift; sourceTree = "<group>"; };
		E00103BE2BF343C300D9BE8C /* Base */ = {isa = PBXFileReference; lastKnownFileType = file.storyboard; name = Base; path = Base.lproj/Main.storyboard; sourceTree = "<group>"; };
		E00103C02BF343C400D9BE8C /* Assets.xcassets */ = {isa = PBXFileReference; lastKnownFileType = folder.assetcatalog; path = Assets.xcassets; sourceTree = "<group>"; };
		E00103C32BF343C400D9BE8C /* Base */ = {isa = PBXFileReference; lastKnownFileType = file.storyboard; name = Base; path = Base.lproj/LaunchScreen.storyboard; sourceTree = "<group>"; };
		E00103C52BF343C400D9BE8C /* Info.plist */ = {isa = PBXFileReference; lastKnownFileType = text.plist.xml; path = Info.plist; sourceTree = "<group>"; };
		E004C5CA2BF72C2D0076D5E5 /* ButtonViewController.swift */ = {isa = PBXFileReference; lastKnownFileType = sourcecode.swift; path = ButtonViewController.swift; sourceTree = "<group>"; };
		E02C79A42BF6399700C60F0F /* singUpViewController.swift */ = {isa = PBXFileReference; lastKnownFileType = sourcecode.swift; path = singUpViewController.swift; sourceTree = "<group>"; };
		E0C6D4D82BF5EB9A001BE206 /* HomeViewController.swift */ = {isa = PBXFileReference; lastKnownFileType = sourcecode.swift; path = HomeViewController.swift; sourceTree = "<group>"; };
		E0C6D4DA2BF5EB9F001BE206 /* HotViewController.swift */ = {isa = PBXFileReference; lastKnownFileType = sourcecode.swift; path = HotViewController.swift; sourceTree = "<group>"; };
		E0C6D4DC2BF5EBA4001BE206 /* ContentsViewController.swift */ = {isa = PBXFileReference; lastKnownFileType = sourcecode.swift; path = ContentsViewController.swift; sourceTree = "<group>"; };
		E0F31AF12BFB5BE50012B800 /* Tag.swift */ = {isa = PBXFileReference; lastKnownFileType = sourcecode.swift; path = Tag.swift; sourceTree = "<group>"; };
		E0F31AF42BFB5C870012B800 /* Movie.swift */ = {isa = PBXFileReference; lastKnownFileType = sourcecode.swift; path = Movie.swift; sourceTree = "<group>"; };
/* End PBXFileReference section */

/* Begin PBXFrameworksBuildPhase section */
		E00103B12BF343C300D9BE8C /* Frameworks */ = {
			isa = PBXFrameworksBuildPhase;
			buildActionMask = 2147483647;
			files = (
			);
			runOnlyForDeploymentPostprocessing = 0;
		};
/* End PBXFrameworksBuildPhase section */

/* Begin PBXGroup section */
		E00103AB2BF343C300D9BE8C = {
			isa = PBXGroup;
			children = (
				E00103B62BF343C300D9BE8C /* SeSAC_02_0514_HW */,
				E00103B52BF343C300D9BE8C /* Products */,
			);
			sourceTree = "<group>";
		};
		E00103B52BF343C300D9BE8C /* Products */ = {
			isa = PBXGroup;
			children = (
				E00103B42BF343C300D9BE8C /* SeSAC_02_0514_HW.app */,
			);
			name = Products;
			sourceTree = "<group>";
		};
		E00103B62BF343C300D9BE8C /* SeSAC_02_0514_HW */ = {
			isa = PBXGroup;
			children = (
				E0F31AF32BFB5C7F0012B800 /* Model */,
				E004C5C92BF72C0B0076D5E5 /* ViewController */,
				E00103B72BF343C300D9BE8C /* AppDelegate.swift */,
				E00103B92BF343C300D9BE8C /* SceneDelegate.swift */,
				E00103BD2BF343C300D9BE8C /* Main.storyboard */,
				E004C5CA2BF72C2D0076D5E5 /* ButtonViewController.swift */,
				E02C79A42BF6399700C60F0F /* singUpViewController.swift */,
				E00103C02BF343C400D9BE8C /* Assets.xcassets */,
				E00103C22BF343C400D9BE8C /* LaunchScreen.storyboard */,
				E00103C52BF343C400D9BE8C /* Info.plist */,
			);
			path = SeSAC_02_0514_HW;
			sourceTree = "<group>";
		};
		E004C5C92BF72C0B0076D5E5 /* ViewController */ = {
			isa = PBXGroup;
			children = (
				E00103BB2BF343C300D9BE8C /* ViewController.swift */,
				E0C6D4D82BF5EB9A001BE206 /* HomeViewController.swift */,
				E0C6D4DA2BF5EB9F001BE206 /* HotViewController.swift */,
				E0C6D4DC2BF5EBA4001BE206 /* ContentsViewController.swift */,
			);
			path = ViewController;
			sourceTree = "<group>";
		};
		E0F31AF32BFB5C7F0012B800 /* Model */ = {
			isa = PBXGroup;
			children = (
				E0F31AF12BFB5BE50012B800 /* Tag.swift */,
				E0F31AF42BFB5C870012B800 /* Movie.swift */,
			);
			path = Model;
			sourceTree = "<group>";
		};
/* End PBXGroup section */

/* Begin PBXNativeTarget section */
		E00103B32BF343C300D9BE8C /* SeSAC_02_0514_HW */ = {
			isa = PBXNativeTarget;
			buildConfigurationList = E00103C82BF343C400D9BE8C /* Build configuration list for PBXNativeTarget "SeSAC_02_0514_HW" */;
			buildPhases = (
				E00103B02BF343C300D9BE8C /* Sources */,
				E00103B12BF343C300D9BE8C /* Frameworks */,
				E00103B22BF343C300D9BE8C /* Resources */,
			);
			buildRules = (
			);
			dependencies = (
			);
			name = SeSAC_02_0514_HW;
			productName = SeSAC_02_0514_HW;
			productReference = E00103B42BF343C300D9BE8C /* SeSAC_02_0514_HW.app */;
			productType = "com.apple.product-type.application";
		};
/* End PBXNativeTarget section */

/* Begin PBXProject section */
		E00103AC2BF343C300D9BE8C /* Project object */ = {
			isa = PBXProject;
			attributes = {
				BuildIndependentTargetsInParallel = 1;
				LastSwiftUpdateCheck = 1530;
				LastUpgradeCheck = 1530;
				TargetAttributes = {
					E00103B32BF343C300D9BE8C = {
						CreatedOnToolsVersion = 15.3;
					};
				};
			};
			buildConfigurationList = E00103AF2BF343C300D9BE8C /* Build configuration list for PBXProject "SeSAC_02_0514_HW" */;
			compatibilityVersion = "Xcode 14.0";
			developmentRegion = en;
			hasScannedForEncodings = 0;
			knownRegions = (
				en,
				Base,
			);
			mainGroup = E00103AB2BF343C300D9BE8C;
			productRefGroup = E00103B52BF343C300D9BE8C /* Products */;
			projectDirPath = "";
			projectRoot = "";
			targets = (
				E00103B32BF343C300D9BE8C /* SeSAC_02_0514_HW */,
			);
		};
/* End PBXProject section */

/* Begin PBXResourcesBuildPhase section */
		E00103B22BF343C300D9BE8C /* Resources */ = {
			isa = PBXResourcesBuildPhase;
			buildActionMask = 2147483647;
			files = (
				E00103C12BF343C400D9BE8C /* Assets.xcassets in Resources */,
				E00103C42BF343C400D9BE8C /* Base in Resources */,
				E00103BF2BF343C300D9BE8C /* Base in Resources */,
			);
			runOnlyForDeploymentPostprocessing = 0;
		};
/* End PBXResourcesBuildPhase section */

/* Begin PBXSourcesBuildPhase section */
		E00103B02BF343C300D9BE8C /* Sources */ = {
			isa = PBXSourcesBuildPhase;
			buildActionMask = 2147483647;
			files = (
				E004C5CB2BF72C2D0076D5E5 /* ButtonViewController.swift in Sources */,
				E0C6D4DB2BF5EB9F001BE206 /* HotViewController.swift in Sources */,
				E02C79A52BF6399700C60F0F /* singUpViewController.swift in Sources */,
				E00103BC2BF343C300D9BE8C /* ViewController.swift in Sources */,
				E0F31AF52BFB5C870012B800 /* Movie.swift in Sources */,
				E0C6D4DD2BF5EBA4001BE206 /* ContentsViewController.swift in Sources */,
				E00103B82BF343C300D9BE8C /* AppDelegate.swift in Sources */,
				E0F31AF22BFB5BE50012B800 /* Tag.swift in Sources */,
				E00103BA2BF343C300D9BE8C /* SceneDelegate.swift in Sources */,
				E0C6D4D92BF5EB9A001BE206 /* HomeViewController.swift in Sources */,
			);
			runOnlyForDeploymentPostprocessing = 0;
		};
/* End PBXSourcesBuildPhase section */

/* Begin PBXVariantGroup section */
		E00103BD2BF343C300D9BE8C /* Main.storyboard */ = {
			isa = PBXVariantGroup;
			children = (
				E00103BE2BF343C300D9BE8C /* Base */,
			);
			name = Main.storyboard;
			sourceTree = "<group>";
		};
		E00103C22BF343C400D9BE8C /* LaunchScreen.storyboard */ = {
			isa = PBXVariantGroup;
			children = (
				E00103C32BF343C400D9BE8C /* Base */,
			);
			name = LaunchScreen.storyboard;
			sourceTree = "<group>";
		};
/* End PBXVariantGroup section */

/* Begin XCBuildConfiguration section */
		E00103C62BF343C400D9BE8C /* Debug */ = {
			isa = XCBuildConfiguration;
			buildSettings = {
				ALWAYS_SEARCH_USER_PATHS = NO;
				ASSETCATALOG_COMPILER_GENERATE_SWIFT_ASSET_SYMBOL_EXTENSIONS = YES;
				CLANG_ANALYZER_NONNULL = YES;
				CLANG_ANALYZER_NUMBER_OBJECT_CONVERSION = YES_AGGRESSIVE;
				CLANG_CXX_LANGUAGE_STANDARD = "gnu++20";
				CLANG_ENABLE_MODULES = YES;
				CLANG_ENABLE_OBJC_ARC = YES;
				CLANG_ENABLE_OBJC_WEAK = YES;
				CLANG_WARN_BLOCK_CAPTURE_AUTORELEASING = YES;
				CLANG_WARN_BOOL_CONVERSION = YES;
				CLANG_WARN_COMMA = YES;
				CLANG_WARN_CONSTANT_CONVERSION = YES;
				CLANG_WARN_DEPRECATED_OBJC_IMPLEMENTATIONS = YES;
				CLANG_WARN_DIRECT_OBJC_ISA_USAGE = YES_ERROR;
				CLANG_WARN_DOCUMENTATION_COMMENTS = YES;
				CLANG_WARN_EMPTY_BODY = YES;
				CLANG_WARN_ENUM_CONVERSION = YES;
				CLANG_WARN_INFINITE_RECURSION = YES;
				CLANG_WARN_INT_CONVERSION = YES;
				CLANG_WARN_NON_LITERAL_NULL_CONVERSION = YES;
				CLANG_WARN_OBJC_IMPLICIT_RETAIN_SELF = YES;
				CLANG_WARN_OBJC_LITERAL_CONVERSION = YES;
				CLANG_WARN_OBJC_ROOT_CLASS = YES_ERROR;
				CLANG_WARN_QUOTED_INCLUDE_IN_FRAMEWORK_HEADER = YES;
				CLANG_WARN_RANGE_LOOP_ANALYSIS = YES;
				CLANG_WARN_STRICT_PROTOTYPES = YES;
				CLANG_WARN_SUSPICIOUS_MOVE = YES;
				CLANG_WARN_UNGUARDED_AVAILABILITY = YES_AGGRESSIVE;
				CLANG_WARN_UNREACHABLE_CODE = YES;
				CLANG_WARN__DUPLICATE_METHOD_MATCH = YES;
				COPY_PHASE_STRIP = NO;
				DEBUG_INFORMATION_FORMAT = dwarf;
				ENABLE_STRICT_OBJC_MSGSEND = YES;
				ENABLE_TESTABILITY = YES;
				ENABLE_USER_SCRIPT_SANDBOXING = YES;
				GCC_C_LANGUAGE_STANDARD = gnu17;
				GCC_DYNAMIC_NO_PIC = NO;
				GCC_NO_COMMON_BLOCKS = YES;
				GCC_OPTIMIZATION_LEVEL = 0;
				GCC_PREPROCESSOR_DEFINITIONS = (
					"DEBUG=1",
					"$(inherited)",
				);
				GCC_WARN_64_TO_32_BIT_CONVERSION = YES;
				GCC_WARN_ABOUT_RETURN_TYPE = YES_ERROR;
				GCC_WARN_UNDECLARED_SELECTOR = YES;
				GCC_WARN_UNINITIALIZED_AUTOS = YES_AGGRESSIVE;
				GCC_WARN_UNUSED_FUNCTION = YES;
				GCC_WARN_UNUSED_VARIABLE = YES;
				IPHONEOS_DEPLOYMENT_TARGET = 17.4;
				LOCALIZATION_PREFERS_STRING_CATALOGS = YES;
				MTL_ENABLE_DEBUG_INFO = INCLUDE_SOURCE;
				MTL_FAST_MATH = YES;
				ONLY_ACTIVE_ARCH = YES;
				SDKROOT = iphoneos;
				SWIFT_ACTIVE_COMPILATION_CONDITIONS = "DEBUG $(inherited)";
				SWIFT_OPTIMIZATION_LEVEL = "-Onone";
			};
			name = Debug;
		};
		E00103C72BF343C400D9BE8C /* Release */ = {
			isa = XCBuildConfiguration;
			buildSettings = {
				ALWAYS_SEARCH_USER_PATHS = NO;
				ASSETCATALOG_COMPILER_GENERATE_SWIFT_ASSET_SYMBOL_EXTENSIONS = YES;
				CLANG_ANALYZER_NONNULL = YES;
				CLANG_ANALYZER_NUMBER_OBJECT_CONVERSION = YES_AGGRESSIVE;
				CLANG_CXX_LANGUAGE_STANDARD = "gnu++20";
				CLANG_ENABLE_MODULES = YES;
				CLANG_ENABLE_OBJC_ARC = YES;
				CLANG_ENABLE_OBJC_WEAK = YES;
				CLANG_WARN_BLOCK_CAPTURE_AUTORELEASING = YES;
				CLANG_WARN_BOOL_CONVERSION = YES;
				CLANG_WARN_COMMA = YES;
				CLANG_WARN_CONSTANT_CONVERSION = YES;
				CLANG_WARN_DEPRECATED_OBJC_IMPLEMENTATIONS = YES;
				CLANG_WARN_DIRECT_OBJC_ISA_USAGE = YES_ERROR;
				CLANG_WARN_DOCUMENTATION_COMMENTS = YES;
				CLANG_WARN_EMPTY_BODY = YES;
				CLANG_WARN_ENUM_CONVERSION = YES;
				CLANG_WARN_INFINITE_RECURSION = YES;
				CLANG_WARN_INT_CONVERSION = YES;
				CLANG_WARN_NON_LITERAL_NULL_CONVERSION = YES;
				CLANG_WARN_OBJC_IMPLICIT_RETAIN_SELF = YES;
				CLANG_WARN_OBJC_LITERAL_CONVERSION = YES;
				CLANG_WARN_OBJC_ROOT_CLASS = YES_ERROR;
				CLANG_WARN_QUOTED_INCLUDE_IN_FRAMEWORK_HEADER = YES;
				CLANG_WARN_RANGE_LOOP_ANALYSIS = YES;
				CLANG_WARN_STRICT_PROTOTYPES = YES;
				CLANG_WARN_SUSPICIOUS_MOVE = YES;
				CLANG_WARN_UNGUARDED_AVAILABILITY = YES_AGGRESSIVE;
				CLANG_WARN_UNREACHABLE_CODE = YES;
				CLANG_WARN__DUPLICATE_METHOD_MATCH = YES;
				COPY_PHASE_STRIP = NO;
				DEBUG_INFORMATION_FORMAT = "dwarf-with-dsym";
				ENABLE_NS_ASSERTIONS = NO;
				ENABLE_STRICT_OBJC_MSGSEND = YES;
				ENABLE_USER_SCRIPT_SANDBOXING = YES;
				GCC_C_LANGUAGE_STANDARD = gnu17;
				GCC_NO_COMMON_BLOCKS = YES;
				GCC_WARN_64_TO_32_BIT_CONVERSION = YES;
				GCC_WARN_ABOUT_RETURN_TYPE = YES_ERROR;
				GCC_WARN_UNDECLARED_SELECTOR = YES;
				GCC_WARN_UNINITIALIZED_AUTOS = YES_AGGRESSIVE;
				GCC_WARN_UNUSED_FUNCTION = YES;
				GCC_WARN_UNUSED_VARIABLE = YES;
				IPHONEOS_DEPLOYMENT_TARGET = 17.4;
				LOCALIZATION_PREFERS_STRING_CATALOGS = YES;
				MTL_ENABLE_DEBUG_INFO = NO;
				MTL_FAST_MATH = YES;
				SDKROOT = iphoneos;
				SWIFT_COMPILATION_MODE = wholemodule;
				VALIDATE_PRODUCT = YES;
			};
			name = Release;
		};
		E00103C92BF343C400D9BE8C /* Debug */ = {
			isa = XCBuildConfiguration;
			buildSettings = {
				ASSETCATALOG_COMPILER_APPICON_NAME = AppIcon;
				ASSETCATALOG_COMPILER_GLOBAL_ACCENT_COLOR_NAME = AccentColor;
				CODE_SIGN_STYLE = Automatic;
				CURRENT_PROJECT_VERSION = 1;
				GENERATE_INFOPLIST_FILE = YES;
				INFOPLIST_FILE = SeSAC_02_0514_HW/Info.plist;
				INFOPLIST_KEY_UIApplicationSupportsIndirectInputEvents = YES;
				INFOPLIST_KEY_UILaunchStoryboardName = LaunchScreen;
				INFOPLIST_KEY_UIMainStoryboardFile = Main;
				INFOPLIST_KEY_UISupportedInterfaceOrientations_iPad = "UIInterfaceOrientationPortrait UIInterfaceOrientationPortraitUpsideDown UIInterfaceOrientationLandscapeLeft UIInterfaceOrientationLandscapeRight";
				INFOPLIST_KEY_UISupportedInterfaceOrientations_iPhone = "UIInterfaceOrientationPortrait UIInterfaceOrientationLandscapeLeft UIInterfaceOrientationLandscapeRight";
				IPHONEOS_DEPLOYMENT_TARGET = 16.0;
				LD_RUNPATH_SEARCH_PATHS = (
					"$(inherited)",
					"@executable_path/Frameworks",
				);
				MARKETING_VERSION = 1.0;
				PRODUCT_BUNDLE_IDENTIFIER = "jeongyun.SeSAC-02-0514-HW";
				PRODUCT_NAME = "$(TARGET_NAME)";
				SUPPORTED_PLATFORMS = "iphoneos iphonesimulator";
				SUPPORTS_MACCATALYST = NO;
				SUPPORTS_MAC_DESIGNED_FOR_IPHONE_IPAD = NO;
				SUPPORTS_XR_DESIGNED_FOR_IPHONE_IPAD = NO;
				SWIFT_EMIT_LOC_STRINGS = YES;
				SWIFT_VERSION = 5.0;
				TARGETED_DEVICE_FAMILY = 1;
			};
			name = Debug;
		};
		E00103CA2BF343C400D9BE8C /* Release */ = {
			isa = XCBuildConfiguration;
			buildSettings = {
				ASSETCATALOG_COMPILER_APPICON_NAME = AppIcon;
				ASSETCATALOG_COMPILER_GLOBAL_ACCENT_COLOR_NAME = AccentColor;
				CODE_SIGN_STYLE = Automatic;
				CURRENT_PROJECT_VERSION = 1;
				GENERATE_INFOPLIST_FILE = YES;
				INFOPLIST_FILE = SeSAC_02_0514_HW/Info.plist;
				INFOPLIST_KEY_UIApplicationSupportsIndirectInputEvents = YES;
				INFOPLIST_KEY_UILaunchStoryboardName = LaunchScreen;
				INFOPLIST_KEY_UIMainStoryboardFile = Main;
				INFOPLIST_KEY_UISupportedInterfaceOrientations_iPad = "UIInterfaceOrientationPortrait UIInterfaceOrientationPortraitUpsideDown UIInterfaceOrientationLandscapeLeft UIInterfaceOrientationLandscapeRight";
				INFOPLIST_KEY_UISupportedInterfaceOrientations_iPhone = "UIInterfaceOrientationPortrait UIInterfaceOrientationLandscapeLeft UIInterfaceOrientationLandscapeRight";
				IPHONEOS_DEPLOYMENT_TARGET = 16.0;
				LD_RUNPATH_SEARCH_PATHS = (
					"$(inherited)",
					"@executable_path/Frameworks",
				);
				MARKETING_VERSION = 1.0;
				PRODUCT_BUNDLE_IDENTIFIER = "jeongyun.SeSAC-02-0514-HW";
				PRODUCT_NAME = "$(TARGET_NAME)";
				SUPPORTED_PLATFORMS = "iphoneos iphonesimulator";
				SUPPORTS_MACCATALYST = NO;
				SUPPORTS_MAC_DESIGNED_FOR_IPHONE_IPAD = NO;
				SUPPORTS_XR_DESIGNED_FOR_IPHONE_IPAD = NO;
				SWIFT_EMIT_LOC_STRINGS = YES;
				SWIFT_VERSION = 5.0;
				TARGETED_DEVICE_FAMILY = 1;
			};
			name = Release;
		};
/* End XCBuildConfiguration section */

/* Begin XCConfigurationList section */
		E00103AF2BF343C300D9BE8C /* Build configuration list for PBXProject "SeSAC_02_0514_HW" */ = {
			isa = XCConfigurationList;
			buildConfigurations = (
				E00103C62BF343C400D9BE8C /* Debug */,
				E00103C72BF343C400D9BE8C /* Release */,
			);
			defaultConfigurationIsVisible = 0;
			defaultConfigurationName = Release;
		};
		E00103C82BF343C400D9BE8C /* Build configuration list for PBXNativeTarget "SeSAC_02_0514_HW" */ = {
			isa = XCConfigurationList;
			buildConfigurations = (
				E00103C92BF343C400D9BE8C /* Debug */,
				E00103CA2BF343C400D9BE8C /* Release */,
			);
			defaultConfigurationIsVisible = 0;
			defaultConfigurationName = Release;
		};
/* End XCConfigurationList section */
	};
	rootObject = E00103AC2BF343C300D9BE8C /* Project object */;
}
